
Microsoft Visual Studio Solution File, Format Version 12.00
# Visual Studio Version 17
VisualStudioVersion = 17.1.32407.343
MinimumVisualStudioVersion = 10.0.40219.1
Project("{9A19103F-16F7-4668-BE54-9A1E7A4F7556}") = "MIS.Common.Protobuf", "MIS.Common.Protobuf\MIS.Common.Protobuf.csproj", "{5EAF4C6C-66A6-42C0-AF2C-C2D9BE75FC82}"
EndProject
Project("{2150E333-8FDC-42A3-9474-1A3956D46DE8}") = "0. Common", "0. Common", "{53515ADB-66DC-41B5-BE46-CF4219671177}"
EndProject
Project("{2150E333-8FDC-42A3-9474-1A3956D46DE8}") = "1. FrontEnd", "1. FrontEnd", "{B8B48F3B-82F5-41CE-9601-24AFDE2D942C}"
EndProject
Project("{2150E333-8FDC-42A3-9474-1A3956D46DE8}") = "2. Middleware", "2. Middleware", "{C7260C5A-705D-4582-BD2B-0FC7D48876A1}"
EndProject
Project("{2150E333-8FDC-42A3-9474-1A3956D46DE8}") = "3. BackEnd", "3. BackEnd", "{23FB6C69-BBA0-4273-8914-74D4DC009F28}"
EndProject
Project("{9A19103F-16F7-4668-BE54-9A1E7A4F7556}") = "MIS.Common.DataTransferObjects", "MIS.Common.DataTransferObjects\MIS.Common.DataTransferObjects.csproj", "{70D4C934-49A4-4922-8A44-CEF7D0B3EB70}"
EndProject
Project("{9A19103F-16F7-4668-BE54-9A1E7A4F7556}") = "MIS.Common.Client", "MIS.Common.Client\MIS.Common.Client.csproj", "{D005CE69-0925-4DD2-AEAE-EEFCCFC131AD}"
EndProject
Project("{9A19103F-16F7-4668-BE54-9A1E7A4F7556}") = "MIS.Backend.Api", "MIS.Backend.Api\MIS.Backend.Api.csproj", "{79637280-E76C-42A8-AE70-6F901279242F}"
EndProject
Project("{9A19103F-16F7-4668-BE54-9A1E7A4F7556}") = "MIS.Common.Constants", "MIS.Common.Configuration\MIS.Common.Constants.csproj", "{7B1198BE-2DF3-47B0-AB16-B178987B71D6}"
EndProject
Project("{9A19103F-16F7-4668-BE54-9A1E7A4F7556}") = "MIS.Backend.Logic", "MIS.Backend.Logic\MIS.Backend.Logic.csproj", "{4C2EBDC2-D226-4E1D-9A76-83F76CF5E7A5}"
EndProject
Project("{9A19103F-16F7-4668-BE54-9A1E7A4F7556}") = "MIS.Backend.PiModules", "MIS.Backend.PiModules\MIS.Backend.PiModules.csproj", "{5B75E324-DFA2-47CF-B793-B5344D3A4883}"
EndProject
Project("{FAE04EC0-301F-11D3-BF4B-00C04F79EFBC}") = "MIS.Frontend.App.Android", "MIS.Frontend.App\MIS.Frontend.App.Android\MIS.Frontend.App.Android.csproj", "{4E20A421-A200-40FB-9737-8444C480A1BB}"
EndProject
Project("{9A19103F-16F7-4668-BE54-9A1E7A4F7556}") = "MIS.Frontend.App", "MIS.Frontend.App\MIS.Frontend.App\MIS.Frontend.App.csproj", "{79C0E278-4307-46D8-AC8C-EDBEFD13121D}"
EndProject
Project("{9A19103F-16F7-4668-BE54-9A1E7A4F7556}") = "MIS.Middleware.Processor", "MIS.Middleware.Processor\MIS.Middleware.Processor.csproj", "{720C7C4A-284B-4856-9BEE-3CD444C201E9}"
EndProject
Project("{9A19103F-16F7-4668-BE54-9A1E7A4F7556}") = "MIS.Middleware.Tests", "MIS.Middleware.Tests\MIS.Middleware.Tests.csproj", "{74E8B3D6-D279-4DED-9383-9500E3140311}"
EndProject
Project("{9A19103F-16F7-4668-BE54-9A1E7A4F7556}") = "MIS.Backend.Tests", "MIS.Backend.Tests\MIS.Backend.Tests.csproj", "{F43254A2-5A12-4E65-96BA-50A42B23F64D}"
EndProject
Project("{9A19103F-16F7-4668-BE54-9A1E7A4F7556}") = "MIS.Backend.Models", "MIS.Backend.Models\MIS.Backend.Models.csproj", "{940B5C1B-488B-4E13-AC80-FC6B8158FB3D}"
EndProject
Project("{9A19103F-16F7-4668-BE54-9A1E7A4F7556}") = "MIS.Backend.Mappers", "MIS.Backend.Mappers\MIS.Backend.Mappers.csproj", "{35AE3155-9B29-4E88-9191-0B6016C8ED62}"
EndProject
Project("{9A19103F-16F7-4668-BE54-9A1E7A4F7556}") = "MIS.Backend.DataAccess", "MIS.Backend.DataAccess\MIS.Backend.DataAccess.csproj", "{F82D02C1-C213-4233-B461-B900E2657F00}"
EndProject
Project("{FAE04EC0-301F-11D3-BF4B-00C04F79EFBC}") = "MIS.Backend.Common", "MIS.Backend.Common\MIS.Backend.Common.csproj", "{D01B0820-8C9B-49D3-89E4-B2E15ECD79B6}"
EndProject
Global
	GlobalSection(SolutionConfigurationPlatforms) = preSolution
		Debug|Any CPU = Debug|Any CPU
		Release|Any CPU = Release|Any CPU
	EndGlobalSection
	GlobalSection(ProjectConfigurationPlatforms) = postSolution
		{5EAF4C6C-66A6-42C0-AF2C-C2D9BE75FC82}.Debug|Any CPU.ActiveCfg = Debug|Any CPU
		{5EAF4C6C-66A6-42C0-AF2C-C2D9BE75FC82}.Debug|Any CPU.Build.0 = Debug|Any CPU
		{5EAF4C6C-66A6-42C0-AF2C-C2D9BE75FC82}.Release|Any CPU.ActiveCfg = Release|Any CPU
		{5EAF4C6C-66A6-42C0-AF2C-C2D9BE75FC82}.Release|Any CPU.Build.0 = Release|Any CPU
		{70D4C934-49A4-4922-8A44-CEF7D0B3EB70}.Debug|Any CPU.ActiveCfg = Debug|Any CPU
		{70D4C934-49A4-4922-8A44-CEF7D0B3EB70}.Debug|Any CPU.Build.0 = Debug|Any CPU
		{70D4C934-49A4-4922-8A44-CEF7D0B3EB70}.Release|Any CPU.ActiveCfg = Release|Any CPU
		{70D4C934-49A4-4922-8A44-CEF7D0B3EB70}.Release|Any CPU.Build.0 = Release|Any CPU
		{D005CE69-0925-4DD2-AEAE-EEFCCFC131AD}.Debug|Any CPU.ActiveCfg = Debug|Any CPU
		{D005CE69-0925-4DD2-AEAE-EEFCCFC131AD}.Debug|Any CPU.Build.0 = Debug|Any CPU
		{D005CE69-0925-4DD2-AEAE-EEFCCFC131AD}.Release|Any CPU.ActiveCfg = Release|Any CPU
		{D005CE69-0925-4DD2-AEAE-EEFCCFC131AD}.Release|Any CPU.Build.0 = Release|Any CPU
		{79637280-E76C-42A8-AE70-6F901279242F}.Debug|Any CPU.ActiveCfg = Debug|Any CPU
		{79637280-E76C-42A8-AE70-6F901279242F}.Debug|Any CPU.Build.0 = Debug|Any CPU
		{79637280-E76C-42A8-AE70-6F901279242F}.Release|Any CPU.ActiveCfg = Release|Any CPU
		{79637280-E76C-42A8-AE70-6F901279242F}.Release|Any CPU.Build.0 = Release|Any CPU
		{7B1198BE-2DF3-47B0-AB16-B178987B71D6}.Debug|Any CPU.ActiveCfg = Debug|Any CPU
		{7B1198BE-2DF3-47B0-AB16-B178987B71D6}.Debug|Any CPU.Build.0 = Debug|Any CPU
		{7B1198BE-2DF3-47B0-AB16-B178987B71D6}.Release|Any CPU.ActiveCfg = Release|Any CPU
		{7B1198BE-2DF3-47B0-AB16-B178987B71D6}.Release|Any CPU.Build.0 = Release|Any CPU
		{4C2EBDC2-D226-4E1D-9A76-83F76CF5E7A5}.Debug|Any CPU.ActiveCfg = Debug|Any CPU
		{4C2EBDC2-D226-4E1D-9A76-83F76CF5E7A5}.Debug|Any CPU.Build.0 = Debug|Any CPU
		{4C2EBDC2-D226-4E1D-9A76-83F76CF5E7A5}.Release|Any CPU.ActiveCfg = Release|Any CPU
		{4C2EBDC2-D226-4E1D-9A76-83F76CF5E7A5}.Release|Any CPU.Build.0 = Release|Any CPU
		{5B75E324-DFA2-47CF-B793-B5344D3A4883}.Debug|Any CPU.ActiveCfg = Debug|Any CPU
		{5B75E324-DFA2-47CF-B793-B5344D3A4883}.Debug|Any CPU.Build.0 = Debug|Any CPU
		{5B75E324-DFA2-47CF-B793-B5344D3A4883}.Release|Any CPU.ActiveCfg = Release|Any CPU
		{5B75E324-DFA2-47CF-B793-B5344D3A4883}.Release|Any CPU.Build.0 = Release|Any CPU
		{4E20A421-A200-40FB-9737-8444C480A1BB}.Debug|Any CPU.ActiveCfg = Debug|Any CPU
		{4E20A421-A200-40FB-9737-8444C480A1BB}.Debug|Any CPU.Build.0 = Debug|Any CPU
		{4E20A421-A200-40FB-9737-8444C480A1BB}.Debug|Any CPU.Deploy.0 = Debug|Any CPU
		{4E20A421-A200-40FB-9737-8444C480A1BB}.Release|Any CPU.ActiveCfg = Release|Any CPU
		{4E20A421-A200-40FB-9737-8444C480A1BB}.Release|Any CPU.Build.0 = Release|Any CPU
		{4E20A421-A200-40FB-9737-8444C480A1BB}.Release|Any CPU.Deploy.0 = Release|Any CPU
		{79C0E278-4307-46D8-AC8C-EDBEFD13121D}.Debug|Any CPU.ActiveCfg = Debug|Any CPU
		{79C0E278-4307-46D8-AC8C-EDBEFD13121D}.Debug|Any CPU.Build.0 = Debug|Any CPU
		{79C0E278-4307-46D8-AC8C-EDBEFD13121D}.Release|Any CPU.ActiveCfg = Release|Any CPU
		{79C0E278-4307-46D8-AC8C-EDBEFD13121D}.Release|Any CPU.Build.0 = Release|Any CPU
		{720C7C4A-284B-4856-9BEE-3CD444C201E9}.Debug|Any CPU.ActiveCfg = Debug|Any CPU
		{720C7C4A-284B-4856-9BEE-3CD444C201E9}.Debug|Any CPU.Build.0 = Debug|Any CPU
		{720C7C4A-284B-4856-9BEE-3CD444C201E9}.Release|Any CPU.ActiveCfg = Release|Any CPU
		{720C7C4A-284B-4856-9BEE-3CD444C201E9}.Release|Any CPU.Build.0 = Release|Any CPU
		{74E8B3D6-D279-4DED-9383-9500E3140311}.Debug|Any CPU.ActiveCfg = Debug|Any CPU
		{74E8B3D6-D279-4DED-9383-9500E3140311}.Debug|Any CPU.Build.0 = Debug|Any CPU
		{74E8B3D6-D279-4DED-9383-9500E3140311}.Release|Any CPU.ActiveCfg = Release|Any CPU
		{74E8B3D6-D279-4DED-9383-9500E3140311}.Release|Any CPU.Build.0 = Release|Any CPU
		{F43254A2-5A12-4E65-96BA-50A42B23F64D}.Debug|Any CPU.ActiveCfg = Debug|Any CPU
		{F43254A2-5A12-4E65-96BA-50A42B23F64D}.Debug|Any CPU.Build.0 = Debug|Any CPU
		{F43254A2-5A12-4E65-96BA-50A42B23F64D}.Release|Any CPU.ActiveCfg = Release|Any CPU
		{F43254A2-5A12-4E65-96BA-50A42B23F64D}.Release|Any CPU.Build.0 = Release|Any CPU
		{940B5C1B-488B-4E13-AC80-FC6B8158FB3D}.Debug|Any CPU.ActiveCfg = Debug|Any CPU
		{940B5C1B-488B-4E13-AC80-FC6B8158FB3D}.Debug|Any CPU.Build.0 = Debug|Any CPU
		{940B5C1B-488B-4E13-AC80-FC6B8158FB3D}.Release|Any CPU.ActiveCfg = Release|Any CPU
		{940B5C1B-488B-4E13-AC80-FC6B8158FB3D}.Release|Any CPU.Build.0 = Release|Any CPU
		{35AE3155-9B29-4E88-9191-0B6016C8ED62}.Debug|Any CPU.ActiveCfg = Debug|Any CPU
		{35AE3155-9B29-4E88-9191-0B6016C8ED62}.Debug|Any CPU.Build.0 = Debug|Any CPU
		{35AE3155-9B29-4E88-9191-0B6016C8ED62}.Release|Any CPU.ActiveCfg = Release|Any CPU
		{35AE3155-9B29-4E88-9191-0B6016C8ED62}.Release|Any CPU.Build.0 = Release|Any CPU
		{F82D02C1-C213-4233-B461-B900E2657F00}.Debug|Any CPU.ActiveCfg = Debug|Any CPU
		{F82D02C1-C213-4233-B461-B900E2657F00}.Debug|Any CPU.Build.0 = Debug|Any CPU
		{F82D02C1-C213-4233-B461-B900E2657F00}.Release|Any CPU.ActiveCfg = Release|Any CPU
		{F82D02C1-C213-4233-B461-B900E2657F00}.Release|Any CPU.Build.0 = Release|Any CPU
		{D01B0820-8C9B-49D3-89E4-B2E15ECD79B6}.Debug|Any CPU.ActiveCfg = Debug|Any CPU
		{D01B0820-8C9B-49D3-89E4-B2E15ECD79B6}.Debug|Any CPU.Build.0 = Debug|Any CPU
		{D01B0820-8C9B-49D3-89E4-B2E15ECD79B6}.Release|Any CPU.ActiveCfg = Release|Any CPU
		{D01B0820-8C9B-49D3-89E4-B2E15ECD79B6}.Release|Any CPU.Build.0 = Release|Any CPU
	EndGlobalSection
	GlobalSection(SolutionProperties) = preSolution
		HideSolutionNode = FALSE
	EndGlobalSection
	GlobalSection(NestedProjects) = preSolution
		{5EAF4C6C-66A6-42C0-AF2C-C2D9BE75FC82} = {53515ADB-66DC-41B5-BE46-CF4219671177}
		{70D4C934-49A4-4922-8A44-CEF7D0B3EB70} = {53515ADB-66DC-41B5-BE46-CF4219671177}
		{D005CE69-0925-4DD2-AEAE-EEFCCFC131AD} = {53515ADB-66DC-41B5-BE46-CF4219671177}
		{79637280-E76C-42A8-AE70-6F901279242F} = {23FB6C69-BBA0-4273-8914-74D4DC009F28}
		{7B1198BE-2DF3-47B0-AB16-B178987B71D6} = {53515ADB-66DC-41B5-BE46-CF4219671177}
		{4C2EBDC2-D226-4E1D-9A76-83F76CF5E7A5} = {23FB6C69-BBA0-4273-8914-74D4DC009F28}
		{5B75E324-DFA2-47CF-B793-B5344D3A4883} = {23FB6C69-BBA0-4273-8914-74D4DC009F28}
		{4E20A421-A200-40FB-9737-8444C480A1BB} = {B8B48F3B-82F5-41CE-9601-24AFDE2D942C}
		{79C0E278-4307-46D8-AC8C-EDBEFD13121D} = {B8B48F3B-82F5-41CE-9601-24AFDE2D942C}
		{720C7C4A-284B-4856-9BEE-3CD444C201E9} = {C7260C5A-705D-4582-BD2B-0FC7D48876A1}
		{74E8B3D6-D279-4DED-9383-9500E3140311} = {C7260C5A-705D-4582-BD2B-0FC7D48876A1}
		{F43254A2-5A12-4E65-96BA-50A42B23F64D} = {23FB6C69-BBA0-4273-8914-74D4DC009F28}
		{940B5C1B-488B-4E13-AC80-FC6B8158FB3D} = {23FB6C69-BBA0-4273-8914-74D4DC009F28}
		{35AE3155-9B29-4E88-9191-0B6016C8ED62} = {23FB6C69-BBA0-4273-8914-74D4DC009F28}
		{F82D02C1-C213-4233-B461-B900E2657F00} = {23FB6C69-BBA0-4273-8914-74D4DC009F28}
		{D01B0820-8C9B-49D3-89E4-B2E15ECD79B6} = {23FB6C69-BBA0-4273-8914-74D4DC009F28}
	EndGlobalSection
	GlobalSection(ExtensibilityGlobals) = postSolution
		SolutionGuid = {4A0B6365-10D6-4A3C-A16F-160A916B177B}
	EndGlobalSection
EndGlobal
